{
  "nodes": {
    "nixpkgs": {
      "locked": {
        "lastModified": 1738675304,
        "narHash": "sha256-XbMfEASFzYNIOUiXI/2gCJDnS0jmQZcM+q1ec6Ce8/Q=",
        "owner": "nixos",
        "repo": "nixpkgs",
        "rev": "4c6d60b58eae483ec2ce17972d6a7362e7608266",
        "type": "github"
      },
      "original": {
        "owner": "nixos",
        "ref": "release-24.11",
        "repo": "nixpkgs",
        "type": "github"
      }
    },
    "root": {
      "inputs": {
        "nixpkgs": "nixpkgs"
      }
    }
  },
  "root": "root",
  "version": 7
}
